Microsoft Visual Studio Solution File, Format Version 12.00
# Visual Studio Version 17
VisualStudioVersion = 17.5.2.0
MinimumVisualStudioVersion = 10.0.40219.1
Project("{2150E333-8FDC-42A3-9474-1A3956D46DE8}") = "CsharpProject", "CsharpProject", "{983C9E70-5136-134B-0961-023B97CE5536}"
EndProject
Project("{FAE04EC0-301F-11D3-BF4B-00C04F79EFBC}") = "TestProject", "CsharpProject\TestProject\TestProject.csproj", "{97169EAD-2538-877A-099A-3A4DC13D4319}"
EndProject
Project("{FAE04EC0-301F-11D3-BF4B-00C04F79EFBC}") = "Student-Grading-Project", "Student-Grading-Project\Student-Grading-Project.csproj", "{4005599D-C47E-45BA-90AD-8442C8BBB121}"
EndProject
Project("{FAE04EC0-301F-11D3-BF4B-00C04F79EFBC}") = "ConsoleApp1", "ConsoleApp1\ConsoleApp1.csproj", "{5D0662AB-327D-4342-83D5-52364502770C}"
EndProject
Project("{FAE04EC0-301F-11D3-BF4B-00C04F79EFBC}") = "First_Class", "First_Class\First_Class.csproj", "{B677F4DA-A8F7-48AE-98AC-BCD818C6E916}"
EndProject
Project("{FAE04EC0-301F-11D3-BF4B-00C04F79EFBC}") = "Conditional_branching", "Conditional_branching\Conditional_branching.csproj", "{76C9919D-FADD-478C-A5BD-3B050301B1EF}"
EndProject
Project("{FAE04EC0-301F-11D3-BF4B-00C04F79EFBC}") = "difference", "difference\difference.csproj", "{CFBAEC51-3252-45D2-82BD-3A202B26CE63}"
EndProject
Project("{FAE04EC0-301F-11D3-BF4B-00C04F79EFBC}") = "Project_2", "Project_2\Project_2.csproj", "{1F370F19-1980-4D40-A458-0174A4BFDA25}"
EndProject
Project("{FAE04EC0-301F-11D3-BF4B-00C04F79EFBC}") = "Guided-project-branching", "Guided-project-branching\Guided-project-branching.csproj", "{13D313D5-EEC0-4344-9177-0EF790F1CB67}"
EndProject
Project("{FAE04EC0-301F-11D3-BF4B-00C04F79EFBC}") = "Problem_Solve", "Problem_Solve\Problem_Solve.csproj", "{26B9654C-6A24-44EA-B3BE-903634D5C458}"
EndProject
Project("{FAE04EC0-301F-11D3-BF4B-00C04F79EFBC}") = "Emran", "Emran\Emran.csproj", "{DC036558-FC94-4C00-BD61-B9DD48DA00ED}"
EndProject
Project("{FAE04EC0-301F-11D3-BF4B-00C04F79EFBC}") = "TypeCasting", "TypeCasting\TypeCasting.csproj", "{EE304EA1-9A25-4D5C-AC92-7C68D13504E0}"
EndProject
Global
	GlobalSection(SolutionConfigurationPlatforms) = preSolution
		Debug|Any CPU = Debug|Any CPU
		Release|Any CPU = Release|Any CPU
	EndGlobalSection
	GlobalSection(ProjectConfigurationPlatforms) = postSolution
		{97169EAD-2538-877A-099A-3A4DC13D4319}.Debug|Any CPU.ActiveCfg = Debug|Any CPU
		{97169EAD-2538-877A-099A-3A4DC13D4319}.Debug|Any CPU.Build.0 = Debug|Any CPU
		{97169EAD-2538-877A-099A-3A4DC13D4319}.Release|Any CPU.ActiveCfg = Release|Any CPU
		{97169EAD-2538-877A-099A-3A4DC13D4319}.Release|Any CPU.Build.0 = Release|Any CPU
		{4005599D-C47E-45BA-90AD-8442C8BBB121}.Debug|Any CPU.ActiveCfg = Debug|Any CPU
		{4005599D-C47E-45BA-90AD-8442C8BBB121}.Debug|Any CPU.Build.0 = Debug|Any CPU
		{4005599D-C47E-45BA-90AD-8442C8BBB121}.Release|Any CPU.ActiveCfg = Release|Any CPU
		{4005599D-C47E-45BA-90AD-8442C8BBB121}.Release|Any CPU.Build.0 = Release|Any CPU
		{5D0662AB-327D-4342-83D5-52364502770C}.Debug|Any CPU.ActiveCfg = Debug|Any CPU
		{5D0662AB-327D-4342-83D5-52364502770C}.Debug|Any CPU.Build.0 = Debug|Any CPU
		{5D0662AB-327D-4342-83D5-52364502770C}.Release|Any CPU.ActiveCfg = Release|Any CPU
		{5D0662AB-327D-4342-83D5-52364502770C}.Release|Any CPU.Build.0 = Release|Any CPU
		{B677F4DA-A8F7-48AE-98AC-BCD818C6E916}.Debug|Any CPU.ActiveCfg = Debug|Any CPU
		{B677F4DA-A8F7-48AE-98AC-BCD818C6E916}.Debug|Any CPU.Build.0 = Debug|Any CPU
		{B677F4DA-A8F7-48AE-98AC-BCD818C6E916}.Release|Any CPU.ActiveCfg = Release|Any CPU
		{B677F4DA-A8F7-48AE-98AC-BCD818C6E916}.Release|Any CPU.Build.0 = Release|Any CPU
		{76C9919D-FADD-478C-A5BD-3B050301B1EF}.Debug|Any CPU.ActiveCfg = Debug|Any CPU
		{76C9919D-FADD-478C-A5BD-3B050301B1EF}.Debug|Any CPU.Build.0 = Debug|Any CPU
		{76C9919D-FADD-478C-A5BD-3B050301B1EF}.Release|Any CPU.ActiveCfg = Release|Any CPU
		{76C9919D-FADD-478C-A5BD-3B050301B1EF}.Release|Any CPU.Build.0 = Release|Any CPU
		{CFBAEC51-3252-45D2-82BD-3A202B26CE63}.Debug|Any CPU.ActiveCfg = Debug|Any CPU
		{CFBAEC51-3252-45D2-82BD-3A202B26CE63}.Debug|Any CPU.Build.0 = Debug|Any CPU
		{CFBAEC51-3252-45D2-82BD-3A202B26CE63}.Release|Any CPU.ActiveCfg = Release|Any CPU
		{CFBAEC51-3252-45D2-82BD-3A202B26CE63}.Release|Any CPU.Build.0 = Release|Any CPU
		{1F370F19-1980-4D40-A458-0174A4BFDA25}.Debug|Any CPU.ActiveCfg = Debug|Any CPU
		{1F370F19-1980-4D40-A458-0174A4BFDA25}.Debug|Any CPU.Build.0 = Debug|Any CPU
		{1F370F19-1980-4D40-A458-0174A4BFDA25}.Release|Any CPU.ActiveCfg = Release|Any CPU
		{1F370F19-1980-4D40-A458-0174A4BFDA25}.Release|Any CPU.Build.0 = Release|Any CPU
		{13D313D5-EEC0-4344-9177-0EF790F1CB67}.Debug|Any CPU.ActiveCfg = Debug|Any CPU
		{13D313D5-EEC0-4344-9177-0EF790F1CB67}.Debug|Any CPU.Build.0 = Debug|Any CPU
		{13D313D5-EEC0-4344-9177-0EF790F1CB67}.Release|Any CPU.ActiveCfg = Release|Any CPU
		{13D313D5-EEC0-4344-9177-0EF790F1CB67}.Release|Any CPU.Build.0 = Release|Any CPU
		{26B9654C-6A24-44EA-B3BE-903634D5C458}.Debug|Any CPU.ActiveCfg = Debug|Any CPU
		{26B9654C-6A24-44EA-B3BE-903634D5C458}.Debug|Any CPU.Build.0 = Debug|Any CPU
		{26B9654C-6A24-44EA-B3BE-903634D5C458}.Release|Any CPU.ActiveCfg = Release|Any CPU
		{26B9654C-6A24-44EA-B3BE-903634D5C458}.Release|Any CPU.Build.0 = Release|Any CPU
		{DC036558-FC94-4C00-BD61-B9DD48DA00ED}.Debug|Any CPU.ActiveCfg = Debug|Any CPU
		{DC036558-FC94-4C00-BD61-B9DD48DA00ED}.Debug|Any CPU.Build.0 = Debug|Any CPU
		{DC036558-FC94-4C00-BD61-B9DD48DA00ED}.Release|Any CPU.ActiveCfg = Release|Any CPU
		{DC036558-FC94-4C00-BD61-B9DD48DA00ED}.Release|Any CPU.Build.0 = Release|Any CPU
		{EE304EA1-9A25-4D5C-AC92-7C68D13504E0}.Debug|Any CPU.ActiveCfg = Debug|Any CPU
		{EE304EA1-9A25-4D5C-AC92-7C68D13504E0}.Debug|Any CPU.Build.0 = Debug|Any CPU
		{EE304EA1-9A25-4D5C-AC92-7C68D13504E0}.Release|Any CPU.ActiveCfg = Release|Any CPU
		{EE304EA1-9A25-4D5C-AC92-7C68D13504E0}.Release|Any CPU.Build.0 = Release|Any CPU
	EndGlobalSection
	GlobalSection(SolutionProperties) = preSolution
		HideSolutionNode = FALSE
	EndGlobalSection
	GlobalSection(NestedProjects) = preSolution
		{97169EAD-2538-877A-099A-3A4DC13D4319} = {983C9E70-5136-134B-0961-023B97CE5536}
	EndGlobalSection
	GlobalSection(ExtensibilityGlobals) = postSolution
		SolutionGuid = {E524D922-D1FD-4186-912B-BEB66AC52D2C}
	EndGlobalSection
EndGlobal
